
Microsoft Visual Studio Solution File, Format Version 12.00
# Visual Studio Version 17
VisualStudioVersion = 17.3.32901.215
MinimumVisualStudioVersion = 10.0.40219.1
Project("{FAE04EC0-301F-11D3-BF4B-00C04F79EFBC}") = "GraphQL.Server", "GraphQL.Server\GraphQL.Server.csproj", "{39940E6B-6507-435B-ADB9-4B4F1B93324F}"
EndProject
Project("{FAE04EC0-301F-11D3-BF4B-00C04F79EFBC}") = "GraphQL.Client", "GraphQL.Client\GraphQL.Client.csproj", "{12FA9449-0695-4FD6-94B3-41F6A45E807A}"
EndProject
Global
	GlobalSection(SolutionConfigurationPlatforms) = preSolution
		Debug|Any CPU = Debug|Any CPU
		Release|Any CPU = Release|Any CPU
	EndGlobalSection
	GlobalSection(ProjectConfigurationPlatforms) = postSolution
		{39940E6B-6507-435B-ADB9-4B4F1B93324F}.Debug|Any CPU.ActiveCfg = Debug|Any CPU
		{39940E6B-6507-435B-ADB9-4B4F1B93324F}.Debug|Any CPU.Build.0 = Debug|Any CPU
		{39940E6B-6507-435B-ADB9-4B4F1B93324F}.Release|Any CPU.ActiveCfg = Release|Any CPU
		{39940E6B-6507-435B-ADB9-4B4F1B93324F}.Release|Any CPU.Build.0 = Release|Any CPU
		{12FA9449-0695-4FD6-94B3-41F6A45E807A}.Debug|Any CPU.ActiveCfg = Debug|Any CPU
		{12FA9449-0695-4FD6-94B3-41F6A45E807A}.Debug|Any CPU.Build.0 = Debug|Any CPU
		{12FA9449-0695-4FD6-94B3-41F6A45E807A}.Release|Any CPU.ActiveCfg = Release|Any CPU
		{12FA9449-0695-4FD6-94B3-41F6A45E807A}.Release|Any CPU.Build.0 = Release|Any CPU
	EndGlobalSection
	GlobalSection(SolutionProperties) = preSolution
		HideSolutionNode = FALSE
	EndGlobalSection
	GlobalSection(ExtensibilityGlobals) = postSolution
		SolutionGuid = {F659FE92-C7FD-48E1-875B-C653CF01DA4F}
	EndGlobalSection
EndGlobal
